
Microsoft Visual Studio Solution File, Format Version 12.00
# Visual Studio 2013
VisualStudioVersion = 12.0.31101.0
MinimumVisualStudioVersion = 10.0.40219.1
Project("{8BC9CEB8-8B4A-11D0-8D11-00A0C91BC942}") = "OpenGLDemo1", "OpenGLDemo1\OpenGLDemo1.vcxproj", "{D3C9D06E-CED8-48ED-8B06-251BE191A3B4}"
EndProject
Project("{8BC9CEB8-8B4A-11D0-8D11-00A0C91BC942}") = "OpenGLDemo2", "OpenGLDemo2\OpenGLDemo2.vcxproj", "{6CA712C1-E8D4-4402-837D-C4E02CF00CCE}"
EndProject
Project("{8BC9CEB8-8B4A-11D0-8D11-00A0C91BC942}") = "OpenGLDemo3", "OpenGLDemo3\OpenGLDemo3.vcxproj", "{9030B5AA-6991-40FC-9BD4-436DB92F6ACD}"
EndProject
Project("{8BC9CEB8-8B4A-11D0-8D11-00A0C91BC942}") = "OpenGLDemo4", "OpenGLDemo4\OpenGLDemo4.vcxproj", "{FA6A57ED-DB65-4E44-8E6C-A32A75FD79E5}"
EndProject
Project("{8BC9CEB8-8B4A-11D0-8D11-00A0C91BC942}") = "OpenGLDemo5", "OpenGLDemo5\OpenGLDemo5.vcxproj", "{726E0E67-A499-4D7C-8325-688C70E380D3}"
EndProject
Project("{8BC9CEB8-8B4A-11D0-8D11-00A0C91BC942}") = "OpenGLDemo6", "OpenGLDemo6\OpenGLDemo6.vcxproj", "{EBE6989C-E0DE-4FA3-85E3-C2B497132687}"
EndProject
Project("{8BC9CEB8-8B4A-11D0-8D11-00A0C91BC942}") = "OpenGLDemo7", "OpenGLDemo7\OpenGLDemo7.vcxproj", "{CCD2F9B5-504C-4069-820F-880B4E69E0AF}"
EndProject
Project("{8BC9CEB8-8B4A-11D0-8D11-00A0C91BC942}") = "OpenGLDemo8", "OpenGLDemo8\OpenGLDemo8.vcxproj", "{4E94CAB4-1D37-4845-A44E-E964D2D9E9A4}"
EndProject
Project("{8BC9CEB8-8B4A-11D0-8D11-00A0C91BC942}") = "OpenGLDemo9", "OpenGLDemo9\OpenGLDemo9.vcxproj", "{20B69094-2CAB-4848-BFF4-AF6232CEFD78}"
EndProject
Project("{8BC9CEB8-8B4A-11D0-8D11-00A0C91BC942}") = "OpenGLDemo10", "OpenGLDemo10\OpenGLDemo10.vcxproj", "{72B7B3F0-927E-4034-B7A3-4C1402C03C95}"
EndProject
Project("{8BC9CEB8-8B4A-11D0-8D11-00A0C91BC942}") = "OpenGLDemo11", "OpenGLDemo11\OpenGLDemo11.vcxproj", "{39F8746D-95EB-4B7A-961F-E19C2A65E2FA}"
EndProject
Project("{8BC9CEB8-8B4A-11D0-8D11-00A0C91BC942}") = "OpenGLDemo12", "OpenGLDemo12\OpenGLDemo12.vcxproj", "{E0B66445-41A2-4EFE-BC9D-15D53F36A4AF}"
EndProject
Project("{8BC9CEB8-8B4A-11D0-8D11-00A0C91BC942}") = "OpenGLDemo13", "OpenGLDemo13\OpenGLDemo13.vcxproj", "{2DC99C98-52B2-4D85-B1CE-3DE427AD7F2B}"
EndProject
Project("{8BC9CEB8-8B4A-11D0-8D11-00A0C91BC942}") = "OpenGLDemo14", "OpenGLDemo14\OpenGLDemo14.vcxproj", "{E2F248F4-21BD-472D-A1BC-4C4E0743CBB5}"
EndProject
Project("{8BC9CEB8-8B4A-11D0-8D11-00A0C91BC942}") = "OpenGLDemo15", "OpenGLDemo15\OpenGLDemo15.vcxproj", "{FA0F63A2-5994-464A-B550-942B39F97DAD}"
EndProject
Project("{8BC9CEB8-8B4A-11D0-8D11-00A0C91BC942}") = "OpenGLDemo16", "OpenGLDemo16\OpenGLDemo16.vcxproj", "{521480C9-8652-4E97-A747-3EF36B0EE207}"
EndProject
Project("{8BC9CEB8-8B4A-11D0-8D11-00A0C91BC942}") = "OpenGLDemo12_5", "OpenGLDemo12.5\OpenGLDemo12_5.vcxproj", "{11F0203A-D5F8-4469-B641-E76D43249C03}"
EndProject
Global
	GlobalSection(SolutionConfigurationPlatforms) = preSolution
		Debug|Win32 = Debug|Win32
		Release|Win32 = Release|Win32
	EndGlobalSection
	GlobalSection(ProjectConfigurationPlatforms) = postSolution
		{D3C9D06E-CED8-48ED-8B06-251BE191A3B4}.Debug|Win32.ActiveCfg = Debug|Win32
		{D3C9D06E-CED8-48ED-8B06-251BE191A3B4}.Debug|Win32.Build.0 = Debug|Win32
		{D3C9D06E-CED8-48ED-8B06-251BE191A3B4}.Release|Win32.ActiveCfg = Release|Win32
		{D3C9D06E-CED8-48ED-8B06-251BE191A3B4}.Release|Win32.Build.0 = Release|Win32
		{6CA712C1-E8D4-4402-837D-C4E02CF00CCE}.Debug|Win32.ActiveCfg = Debug|Win32
		{6CA712C1-E8D4-4402-837D-C4E02CF00CCE}.Debug|Win32.Build.0 = Debug|Win32
		{6CA712C1-E8D4-4402-837D-C4E02CF00CCE}.Release|Win32.ActiveCfg = Release|Win32
		{6CA712C1-E8D4-4402-837D-C4E02CF00CCE}.Release|Win32.Build.0 = Release|Win32
		{9030B5AA-6991-40FC-9BD4-436DB92F6ACD}.Debug|Win32.ActiveCfg = Debug|Win32
		{9030B5AA-6991-40FC-9BD4-436DB92F6ACD}.Debug|Win32.Build.0 = Debug|Win32
		{9030B5AA-6991-40FC-9BD4-436DB92F6ACD}.Release|Win32.ActiveCfg = Release|Win32
		{9030B5AA-6991-40FC-9BD4-436DB92F6ACD}.Release|Win32.Build.0 = Release|Win32
		{FA6A57ED-DB65-4E44-8E6C-A32A75FD79E5}.Debug|Win32.ActiveCfg = Debug|Win32
		{FA6A57ED-DB65-4E44-8E6C-A32A75FD79E5}.Debug|Win32.Build.0 = Debug|Win32
		{FA6A57ED-DB65-4E44-8E6C-A32A75FD79E5}.Release|Win32.ActiveCfg = Release|Win32
		{FA6A57ED-DB65-4E44-8E6C-A32A75FD79E5}.Release|Win32.Build.0 = Release|Win32
		{726E0E67-A499-4D7C-8325-688C70E380D3}.Debug|Win32.ActiveCfg = Debug|Win32
		{726E0E67-A499-4D7C-8325-688C70E380D3}.Debug|Win32.Build.0 = Debug|Win32
		{726E0E67-A499-4D7C-8325-688C70E380D3}.Release|Win32.ActiveCfg = Release|Win32
		{726E0E67-A499-4D7C-8325-688C70E380D3}.Release|Win32.Build.0 = Release|Win32
		{EBE6989C-E0DE-4FA3-85E3-C2B497132687}.Debug|Win32.ActiveCfg = Debug|Win32
		{EBE6989C-E0DE-4FA3-85E3-C2B497132687}.Debug|Win32.Build.0 = Debug|Win32
		{EBE6989C-E0DE-4FA3-85E3-C2B497132687}.Release|Win32.ActiveCfg = Release|Win32
		{EBE6989C-E0DE-4FA3-85E3-C2B497132687}.Release|Win32.Build.0 = Release|Win32
		{CCD2F9B5-504C-4069-820F-880B4E69E0AF}.Debug|Win32.ActiveCfg = Debug|Win32
		{CCD2F9B5-504C-4069-820F-880B4E69E0AF}.Debug|Win32.Build.0 = Debug|Win32
		{CCD2F9B5-504C-4069-820F-880B4E69E0AF}.Release|Win32.ActiveCfg = Release|Win32
		{CCD2F9B5-504C-4069-820F-880B4E69E0AF}.Release|Win32.Build.0 = Release|Win32
		{4E94CAB4-1D37-4845-A44E-E964D2D9E9A4}.Debug|Win32.ActiveCfg = Debug|Win32
		{4E94CAB4-1D37-4845-A44E-E964D2D9E9A4}.Debug|Win32.Build.0 = Debug|Win32
		{4E94CAB4-1D37-4845-A44E-E964D2D9E9A4}.Release|Win32.ActiveCfg = Release|Win32
		{4E94CAB4-1D37-4845-A44E-E964D2D9E9A4}.Release|Win32.Build.0 = Release|Win32
		{20B69094-2CAB-4848-BFF4-AF6232CEFD78}.Debug|Win32.ActiveCfg = Debug|Win32
		{20B69094-2CAB-4848-BFF4-AF6232CEFD78}.Debug|Win32.Build.0 = Debug|Win32
		{20B69094-2CAB-4848-BFF4-AF6232CEFD78}.Release|Win32.ActiveCfg = Release|Win32
		{20B69094-2CAB-4848-BFF4-AF6232CEFD78}.Release|Win32.Build.0 = Release|Win32
		{72B7B3F0-927E-4034-B7A3-4C1402C03C95}.Debug|Win32.ActiveCfg = Debug|Win32
		{72B7B3F0-927E-4034-B7A3-4C1402C03C95}.Debug|Win32.Build.0 = Debug|Win32
		{72B7B3F0-927E-4034-B7A3-4C1402C03C95}.Release|Win32.ActiveCfg = Release|Win32
		{72B7B3F0-927E-4034-B7A3-4C1402C03C95}.Release|Win32.Build.0 = Release|Win32
		{39F8746D-95EB-4B7A-961F-E19C2A65E2FA}.Debug|Win32.ActiveCfg = Debug|Win32
		{39F8746D-95EB-4B7A-961F-E19C2A65E2FA}.Debug|Win32.Build.0 = Debug|Win32
		{39F8746D-95EB-4B7A-961F-E19C2A65E2FA}.Release|Win32.ActiveCfg = Release|Win32
		{39F8746D-95EB-4B7A-961F-E19C2A65E2FA}.Release|Win32.Build.0 = Release|Win32
		{E0B66445-41A2-4EFE-BC9D-15D53F36A4AF}.Debug|Win32.ActiveCfg = Debug|Win32
		{E0B66445-41A2-4EFE-BC9D-15D53F36A4AF}.Debug|Win32.Build.0 = Debug|Win32
		{E0B66445-41A2-4EFE-BC9D-15D53F36A4AF}.Release|Win32.ActiveCfg = Release|Win32
		{E0B66445-41A2-4EFE-BC9D-15D53F36A4AF}.Release|Win32.Build.0 = Release|Win32
		{2DC99C98-52B2-4D85-B1CE-3DE427AD7F2B}.Debug|Win32.ActiveCfg = Debug|Win32
		{2DC99C98-52B2-4D85-B1CE-3DE427AD7F2B}.Debug|Win32.Build.0 = Debug|Win32
		{2DC99C98-52B2-4D85-B1CE-3DE427AD7F2B}.Release|Win32.ActiveCfg = Release|Win32
		{2DC99C98-52B2-4D85-B1CE-3DE427AD7F2B}.Release|Win32.Build.0 = Release|Win32
		{E2F248F4-21BD-472D-A1BC-4C4E0743CBB5}.Debug|Win32.ActiveCfg = Debug|Win32
		{E2F248F4-21BD-472D-A1BC-4C4E0743CBB5}.Debug|Win32.Build.0 = Debug|Win32
		{E2F248F4-21BD-472D-A1BC-4C4E0743CBB5}.Release|Win32.ActiveCfg = Release|Win32
		{E2F248F4-21BD-472D-A1BC-4C4E0743CBB5}.Release|Win32.Build.0 = Release|Win32
		{FA0F63A2-5994-464A-B550-942B39F97DAD}.Debug|Win32.ActiveCfg = Debug|Win32
		{FA0F63A2-5994-464A-B550-942B39F97DAD}.Debug|Win32.Build.0 = Debug|Win32
		{FA0F63A2-5994-464A-B550-942B39F97DAD}.Release|Win32.ActiveCfg = Release|Win32
		{FA0F63A2-5994-464A-B550-942B39F97DAD}.Release|Win32.Build.0 = Release|Win32
		{521480C9-8652-4E97-A747-3EF36B0EE207}.Debug|Win32.ActiveCfg = Debug|Win32
		{521480C9-8652-4E97-A747-3EF36B0EE207}.Debug|Win32.Build.0 = Debug|Win32
		{521480C9-8652-4E97-A747-3EF36B0EE207}.Release|Win32.ActiveCfg = Release|Win32
		{521480C9-8652-4E97-A747-3EF36B0EE207}.Release|Win32.Build.0 = Release|Win32
		{11F0203A-D5F8-4469-B641-E76D43249C03}.Debug|Win32.ActiveCfg = Debug|Win32
		{11F0203A-D5F8-4469-B641-E76D43249C03}.Debug|Win32.Build.0 = Debug|Win32
		{11F0203A-D5F8-4469-B641-E76D43249C03}.Release|Win32.ActiveCfg = Release|Win32
		{11F0203A-D5F8-4469-B641-E76D43249C03}.Release|Win32.Build.0 = Release|Win32
	EndGlobalSection
	GlobalSection(SolutionProperties) = preSolution
		HideSolutionNode = FALSE
	EndGlobalSection
EndGlobal
